
Microsoft Visual Studio Solution File, Format Version 12.00
# Visual Studio Version 16
VisualStudioVersion = 16.0.31911.196
MinimumVisualStudioVersion = 10.0.40219.1
Project("{F14B399A-7131-4C87-9E4B-1186C45EF12D}") = "Darina", "Report Project1\Darina.rptproj", "{FE06BED1-3A57-4D54-B5DC-A31C8A28F18E}"
EndProject
Global
	GlobalSection(SolutionConfigurationPlatforms) = preSolution
		Debug|Default = Debug|Default
		DebugLocal|Default = DebugLocal|Default
		Release|Default = Release|Default
	EndGlobalSection
	GlobalSection(ProjectConfigurationPlatforms) = postSolution
		{FE06BED1-3A57-4D54-B5DC-A31C8A28F18E}.Debug|Default.ActiveCfg = Debug
		{FE06BED1-3A57-4D54-B5DC-A31C8A28F18E}.Debug|Default.Build.0 = Debug
		{FE06BED1-3A57-4D54-B5DC-A31C8A28F18E}.Debug|Default.Deploy.0 = Debug
		{FE06BED1-3A57-4D54-B5DC-A31C8A28F18E}.DebugLocal|Default.ActiveCfg = DebugLocal
		{FE06BED1-3A57-4D54-B5DC-A31C8A28F18E}.DebugLocal|Default.Build.0 = DebugLocal
		{FE06BED1-3A57-4D54-B5DC-A31C8A28F18E}.Release|Default.ActiveCfg = Release
		{FE06BED1-3A57-4D54-B5DC-A31C8A28F18E}.Release|Default.Build.0 = Release
		{FE06BED1-3A57-4D54-B5DC-A31C8A28F18E}.Release|Default.Deploy.0 = Release
	EndGlobalSection
	GlobalSection(SolutionProperties) = preSolution
		HideSolutionNode = FALSE
	EndGlobalSection
	GlobalSection(ExtensibilityGlobals) = postSolution
		SolutionGuid = {FBF44AEF-9E23-43E3-B260-6A1F065BFB28}
	EndGlobalSection
EndGlobal
